
Microsoft Visual Studio Solution File, Format Version 12.00
# Visual Studio Version 16
VisualStudioVersion = 16.0.32929.386
MinimumVisualStudioVersion = 10.0.40219.1
Project("{FAE04EC0-301F-11D3-BF4B-00C04F79EFBC}") = "TestTimeConsumingOperationWebAPI", "TestTimeConsumingOperationWebAPI\TestTimeConsumingOperationWebAPI.csproj", "{99603E9F-0F46-439D-B5AF-36EAFF168E5F}"
EndProject
Global
	GlobalSection(SolutionConfigurationPlatforms) = preSolution
		Debug|Any CPU = Debug|Any CPU
		Release|Any CPU = Release|Any CPU
	EndGlobalSection
	GlobalSection(ProjectConfigurationPlatforms) = postSolution
		{99603E9F-0F46-439D-B5AF-36EAFF168E5F}.Debug|Any CPU.ActiveCfg = Debug|Any CPU
		{99603E9F-0F46-439D-B5AF-36EAFF168E5F}.Debug|Any CPU.Build.0 = Debug|Any CPU
		{99603E9F-0F46-439D-B5AF-36EAFF168E5F}.Release|Any CPU.ActiveCfg = Release|Any CPU
		{99603E9F-0F46-439D-B5AF-36EAFF168E5F}.Release|Any CPU.Build.0 = Release|Any CPU
	EndGlobalSection
	GlobalSection(SolutionProperties) = preSolution
		HideSolutionNode = FALSE
	EndGlobalSection
	GlobalSection(ExtensibilityGlobals) = postSolution
		SolutionGuid = {4AB2F6BD-860D-4553-8B96-28A6223BF2D1}
	EndGlobalSection
EndGlobal
